
Microsoft Visual Studio Solution File, Format Version 12.00
# Visual Studio Version 16
VisualStudioVersion = 16.0.30128.36
MinimumVisualStudioVersion = 10.0.40219.1
Project("{FAE04EC0-301F-11D3-BF4B-00C04F79EFBC}") = "LIU.Tangtu.Web", "LIU.Tangtu.Web\LIU.Tangtu.Web.csproj", "{A3E3D657-FBCD-4A81-87FC-A2E9CDE9FF4B}"
EndProject
Global
	GlobalSection(SolutionConfigurationPlatforms) = preSolution
		Debug|Any CPU = Debug|Any CPU
		Release|Any CPU = Release|Any CPU
	EndGlobalSection
	GlobalSection(ProjectConfigurationPlatforms) = postSolution
		{A3E3D657-FBCD-4A81-87FC-A2E9CDE9FF4B}.Debug|Any CPU.ActiveCfg = Debug|Any CPU
		{A3E3D657-FBCD-4A81-87FC-A2E9CDE9FF4B}.Debug|Any CPU.Build.0 = Debug|Any CPU
		{A3E3D657-FBCD-4A81-87FC-A2E9CDE9FF4B}.Release|Any CPU.ActiveCfg = Release|Any CPU
		{A3E3D657-FBCD-4A81-87FC-A2E9CDE9FF4B}.Release|Any CPU.Build.0 = Release|Any CPU
	EndGlobalSection
	GlobalSection(SolutionProperties) = preSolution
		HideSolutionNode = FALSE
	EndGlobalSection
	GlobalSection(ExtensibilityGlobals) = postSolution
		SolutionGuid = {000899E4-ED63-4335-A69F-9105D3FEF089}
	EndGlobalSection
EndGlobal
